
Microsoft Visual Studio Solution File, Format Version 12.00
# Visual Studio 15
VisualStudioVersion = 15.0.28307.168
MinimumVisualStudioVersion = 10.0.40219.1
Project("{FAE04EC0-301F-11D3-BF4B-00C04F79EFBC}") = "EMSDatabase", "EMSDatabase\EMSDatabase.csproj", "{2F605564-2E83-41F3-BC18-6396186D45E6}"
EndProject
Project("{FAE04EC0-301F-11D3-BF4B-00C04F79EFBC}") = "Testing", "Testing\Testing.csproj", "{A4C94A34-150A-48A3-BD07-76344490984B}"
EndProject
Global
	GlobalSection(SolutionConfigurationPlatforms) = preSolution
		Debug|Any CPU = Debug|Any CPU
		Release|Any CPU = Release|Any CPU
	EndGlobalSection
	GlobalSection(ProjectConfigurationPlatforms) = postSolution
		{2F605564-2E83-41F3-BC18-6396186D45E6}.Debug|Any CPU.ActiveCfg = Debug|Any CPU
		{2F605564-2E83-41F3-BC18-6396186D45E6}.Debug|Any CPU.Build.0 = Debug|Any CPU
		{2F605564-2E83-41F3-BC18-6396186D45E6}.Release|Any CPU.ActiveCfg = Release|Any CPU
		{2F605564-2E83-41F3-BC18-6396186D45E6}.Release|Any CPU.Build.0 = Release|Any CPU
		{A4C94A34-150A-48A3-BD07-76344490984B}.Debug|Any CPU.ActiveCfg = Debug|Any CPU
		{A4C94A34-150A-48A3-BD07-76344490984B}.Debug|Any CPU.Build.0 = Debug|Any CPU
		{A4C94A34-150A-48A3-BD07-76344490984B}.Release|Any CPU.ActiveCfg = Release|Any CPU
		{A4C94A34-150A-48A3-BD07-76344490984B}.Release|Any CPU.Build.0 = Release|Any CPU
	EndGlobalSection
	GlobalSection(SolutionProperties) = preSolution
		HideSolutionNode = FALSE
	EndGlobalSection
	GlobalSection(ExtensibilityGlobals) = postSolution
		SolutionGuid = {978CE39F-2034-4615-8D4C-139663EE5429}
	EndGlobalSection
EndGlobal
